{
    "requires": true,
    "lockfileVersion": 1,
    "dependencies": {
        "@ckeditor/ckeditor5-adapter-ckfinder": {
            "version": "26.0.0",
            "resolved": "https://registry.npmjs.org/@ckeditor/ckeditor5-adapter-ckfinder/-/ckeditor5-adapter-ckfinder-26.0.0.tgz",
            "integrity": "sha512-X6B2zHyX5FHoox7fQvg1wykkPj+4h6VjwRe3+R6JPGWnTkgGzhMsufz2U0zym0rgvekEo0vADR3WPZEB//SNRA==",
            "requires": {
                "ckeditor5": "^26.0.0"
            }
        },
        "@ckeditor/ckeditor5-autoformat": {
            "version": "26.0.0",
            "resolved": "https://registry.npmjs.org/@ckeditor/ckeditor5-autoformat/-/ckeditor5-autoformat-26.0.0.tgz",
            "integrity": "sha512-s44X6nKlfCUGODvvf2UeVGdgt14dI87T4lX69PEIqmAvDIiAhp5iLkUpMRHRn3+lIrqO3nDd9igq4SRGgZaggw==",
            "requires": {
                "ckeditor5": "^26.0.0"
            }
        },
        "@ckeditor/ckeditor5-basic-styles": {
            "version": "26.0.0",
            "resolved": "https://registry.npmjs.org/@ckeditor/ckeditor5-basic-styles/-/ckeditor5-basic-styles-26.0.0.tgz",
            "integrity": "sha512-r6G9IuKMGM6T9piTmVn5qIKyv7dGDj5wn0kTcn9i3GHPkg4AW2U5OltC3Cusd9ghPW4oQKclbfTSfNteMpCF7g==",
            "requires": {
                "ckeditor5": "^26.0.0"
            }
        },
        "@ckeditor/ckeditor5-block-quote": {
            "version": "26.0.0",
            "resolved": "https://registry.npmjs.org/@ckeditor/ckeditor5-block-quote/-/ckeditor5-block-quote-26.0.0.tgz",
            "integrity": "sha512-ijhSly3DUI3u+FrTZoys+RlpCy0dWyvYOZV0d2dsV2cba/Z/b3lfKMNSmNQT1Y1sYzMm9dQS7m50IW0wiISGgw==",
            "requires": {
                "ckeditor5": "^26.0.0"
            }
        },
        "@ckeditor/ckeditor5-build-classic": {
            "version": "26.0.0",
            "resolved": "https://registry.npmjs.org/@ckeditor/ckeditor5-build-classic/-/ckeditor5-build-classic-26.0.0.tgz",
            "integrity": "sha512-e8gf+ndcB1Fbv4h03djDpCBrY3fuP55N4rSHkBUr3m8B+Gdn31PG0BQnjwh+2/uwBR4iGmu+SgK0Kj1BpWtkbQ==",
            "requires": {
                "@ckeditor/ckeditor5-adapter-ckfinder": "^26.0.0",
                "@ckeditor/ckeditor5-autoformat": "^26.0.0",
                "@ckeditor/ckeditor5-basic-styles": "^26.0.0",
                "@ckeditor/ckeditor5-block-quote": "^26.0.0",
                "@ckeditor/ckeditor5-ckfinder": "^26.0.0",
                "@ckeditor/ckeditor5-cloud-services": "^26.0.0",
                "@ckeditor/ckeditor5-easy-image": "^26.0.0",
                "@ckeditor/ckeditor5-editor-classic": "^26.0.0",
                "@ckeditor/ckeditor5-essentials": "^26.0.0",
                "@ckeditor/ckeditor5-heading": "^26.0.0",
                "@ckeditor/ckeditor5-image": "^26.0.0",
                "@ckeditor/ckeditor5-indent": "^26.0.0",
                "@ckeditor/ckeditor5-link": "^26.0.0",
                "@ckeditor/ckeditor5-list": "^26.0.0",
                "@ckeditor/ckeditor5-media-embed": "^26.0.0",
                "@ckeditor/ckeditor5-paragraph": "^26.0.0",
                "@ckeditor/ckeditor5-paste-from-office": "^26.0.0",
                "@ckeditor/ckeditor5-table": "^26.0.0",
                "@ckeditor/ckeditor5-typing": "^26.0.0"
            }
        },
        "@ckeditor/ckeditor5-ckfinder": {
            "version": "26.0.0",
            "resolved": "https://registry.npmjs.org/@ckeditor/ckeditor5-ckfinder/-/ckeditor5-ckfinder-26.0.0.tgz",
            "integrity": "sha512-Fv52MpGY5bQ+Du8k41dt9p98bgnIAboJceq4W8+FOpoEUEP9eA1aPacVgqpwOR6N4YNO2G4IpyqqnWRVNWwf1A==",
            "requires": {
                "ckeditor5": "^26.0.0"
            }
        },
        "@ckeditor/ckeditor5-clipboard": {
            "version": "26.0.0",
            "resolved": "https://registry.npmjs.org/@ckeditor/ckeditor5-clipboard/-/ckeditor5-clipboard-26.0.0.tgz",
            "integrity": "sha512-gayzt7KOM8vlaSTtUJqKKAjnZBYpsxumLPXZKtHKWYzyL3SFEaKJF3MH6QT4MYPSGJ9KnIpEQcx4OKCQbAy2iQ==",
            "requires": {
                "@ckeditor/ckeditor5-core": "^26.0.0",
                "@ckeditor/ckeditor5-engine": "^26.0.0",
                "@ckeditor/ckeditor5-utils": "^26.0.0"
            }
        },
        "@ckeditor/ckeditor5-cloud-services": {
            "version": "26.0.0",
            "resolved": "https://registry.npmjs.org/@ckeditor/ckeditor5-cloud-services/-/ckeditor5-cloud-services-26.0.0.tgz",
            "integrity": "sha512-DR9NOUsYdL6NyfjyTCFKqju6h0B50yMQ4WwaLon0LcnuG5jyJYsGFwRn9iMwSdjjQOZvFkl+Q+dEE7t2/dgbWw==",
            "requires": {
                "ckeditor5": "^26.0.0"
            }
        },
        "@ckeditor/ckeditor5-core": {
            "version": "26.0.0",
            "resolved": "https://registry.npmjs.org/@ckeditor/ckeditor5-core/-/ckeditor5-core-26.0.0.tgz",
            "integrity": "sha512-0ldhqp5gD3RoCXzRSEaAf7Lwh50HIC7BF5BeZVJCynIWZlk2RhZWtR1xArVxOoRhABwu9xNTFkLr8Cqlx4LNeg==",
            "requires": {
                "@ckeditor/ckeditor5-engine": "^26.0.0",
                "@ckeditor/ckeditor5-ui": "^26.0.0",
                "@ckeditor/ckeditor5-utils": "^26.0.0",
                "lodash-es": "^4.17.15"
            }
        },
        "@ckeditor/ckeditor5-easy-image": {
            "version": "26.0.0",
            "resolved": "https://registry.npmjs.org/@ckeditor/ckeditor5-easy-image/-/ckeditor5-easy-image-26.0.0.tgz",
            "integrity": "sha512-CSYh4jfe/wuuBbTmClfgxQkohS7i9kBzs/AepZGQg+Ege8YfacF2uTHICO1Mu4ojBdGD3qRlW8EpyFgFA4xetg==",
            "requires": {
                "ckeditor5": "^26.0.0"
            }
        },
        "@ckeditor/ckeditor5-editor-classic": {
            "version": "26.0.0",
            "resolved": "https://registry.npmjs.org/@ckeditor/ckeditor5-editor-classic/-/ckeditor5-editor-classic-26.0.0.tgz",
            "integrity": "sha512-qf4LleS21tXJc4oKHWU439t7SYhkR7eJRAjjJNsxhosanTUp4DMb7OlOHNhTzfLuOwtc563NLOWyTf8PTWYtUw==",
            "requires": {
                "ckeditor5": "^26.0.0",
                "lodash-es": "^4.17.15"
            }
        },
        "@ckeditor/ckeditor5-engine": {
            "version": "26.0.0",
            "resolved": "https://registry.npmjs.org/@ckeditor/ckeditor5-engine/-/ckeditor5-engine-26.0.0.tgz",
            "integrity": "sha512-6jPj1XjzcpQj5dp6a0agL394t8KTSej/eKx9rcIb0GxEGSOWD8eJ3B5PAvyeepBXsPyQWDw6QxEmwwPE1qUlBg==",
            "requires": {
                "@ckeditor/ckeditor5-utils": "^26.0.0",
                "lodash-es": "^4.17.15"
            }
        },
        "@ckeditor/ckeditor5-enter": {
            "version": "26.0.0",
            "resolved": "https://registry.npmjs.org/@ckeditor/ckeditor5-enter/-/ckeditor5-enter-26.0.0.tgz",
            "integrity": "sha512-1ju7Zon7hZmLjMHDIdnahY3Q41rzIaFXMNeZNxm/SMpuTLHOLufxxLhA02jJbgGylM+NW9pyLurLc8wteIsmsg==",
            "requires": {
                "@ckeditor/ckeditor5-core": "^26.0.0",
                "@ckeditor/ckeditor5-engine": "^26.0.0",
                "@ckeditor/ckeditor5-utils": "^26.0.0"
            }
        },
        "@ckeditor/ckeditor5-essentials": {
            "version": "26.0.0",
            "resolved": "https://registry.npmjs.org/@ckeditor/ckeditor5-essentials/-/ckeditor5-essentials-26.0.0.tgz",
            "integrity": "sha512-472HTZmXx4n5Bv+Hq8OKkUkyo4OgF8M8fdgQaIRn9OjfaUv2vCmw74nrD3xGEv5MqAfeciGbkgI0MY+H8dDJwA==",
            "requires": {
                "ckeditor5": "^26.0.0"
            }
        },
        "@ckeditor/ckeditor5-heading": {
            "version": "26.0.0",
            "resolved": "https://registry.npmjs.org/@ckeditor/ckeditor5-heading/-/ckeditor5-heading-26.0.0.tgz",
            "integrity": "sha512-gWeYMoxg5k4grqV48rwzHakyPRmt2QyNOPIAo3Nf1QC+vCuCO6EmsYvDLo9KIIt5mvkOCb6ILJiTEHFjtuyJQA==",
            "requires": {
                "ckeditor5": "^26.0.0"
            }
        },
        "@ckeditor/ckeditor5-image": {
            "version": "26.0.0",
            "resolved": "https://registry.npmjs.org/@ckeditor/ckeditor5-image/-/ckeditor5-image-26.0.0.tgz",
            "integrity": "sha512-l1+xjAMadj/e8g09s8T5UocLJVj/vSBitwHhNScGYfGexw3C1xaxNj18AFAN4804p9dgxxNTHph3b6tfpoULpA==",
            "requires": {
                "@ckeditor/ckeditor5-ui": "^26.0.0",
                "ckeditor5": "^26.0.0"
            }
        },
        "@ckeditor/ckeditor5-indent": {
            "version": "26.0.0",
            "resolved": "https://registry.npmjs.org/@ckeditor/ckeditor5-indent/-/ckeditor5-indent-26.0.0.tgz",
            "integrity": "sha512-l1SjgLqgAru+KHYPsWrJjqyviiIHp25s+saL3KNCjTLatJ6o1vb51jxjHBUeWTvNPtMGceBAlL+RYHBOXymAFg==",
            "requires": {
                "ckeditor5": "^26.0.0"
            }
        },
        "@ckeditor/ckeditor5-link": {
            "version": "26.0.0",
            "resolved": "https://registry.npmjs.org/@ckeditor/ckeditor5-link/-/ckeditor5-link-26.0.0.tgz",
            "integrity": "sha512-bqJeDwd6cD7m3H8iSQxWZcRdPb/2n1kStxTleme2PTo/IKauBbdC+GcaRgPElRMtRX1jRBFlmjEeDfw8ka8/2Q==",
            "requires": {
                "@ckeditor/ckeditor5-ui": "^26.0.0",
                "ckeditor5": "^26.0.0",
                "lodash-es": "^4.17.15"
            }
        },
        "@ckeditor/ckeditor5-list": {
            "version": "26.0.0",
            "resolved": "https://registry.npmjs.org/@ckeditor/ckeditor5-list/-/ckeditor5-list-26.0.0.tgz",
            "integrity": "sha512-qPBJZPa1hp9krnNuaAeNoRrIdSYsaRFcgmLFTuZp4zVbqH1nj2yfOlf9kjd33Y+1O/HLU4KOA+CZUJqTgl6BTQ==",
            "requires": {
                "ckeditor5": "^26.0.0"
            }
        },
        "@ckeditor/ckeditor5-media-embed": {
            "version": "26.0.0",
            "resolved": "https://registry.npmjs.org/@ckeditor/ckeditor5-media-embed/-/ckeditor5-media-embed-26.0.0.tgz",
            "integrity": "sha512-ug1qNttu+k98Qpz7Ot/Fb07qeo5d+1QZNNZrS8sUer70P57EjaolRqmC+OQE/evBAZ8D001k71fmVsVBHb8A9g==",
            "requires": {
                "@ckeditor/ckeditor5-ui": "^26.0.0",
                "ckeditor5": "^26.0.0"
            }
        },
        "@ckeditor/ckeditor5-paragraph": {
            "version": "26.0.0",
            "resolved": "https://registry.npmjs.org/@ckeditor/ckeditor5-paragraph/-/ckeditor5-paragraph-26.0.0.tgz",
            "integrity": "sha512-HP346zeN5WmFxpWoMkl6ZvjIpa9/muA01NRF0alwLMeTgaauiZRLFC/3tJfcFa9UyYqW8q9/QKB0BPOE3dpvDA==",
            "requires": {
                "@ckeditor/ckeditor5-core": "^26.0.0",
                "@ckeditor/ckeditor5-ui": "^26.0.0",
                "@ckeditor/ckeditor5-utils": "^26.0.0"
            }
        },
        "@ckeditor/ckeditor5-paste-from-office": {
            "version": "26.0.0",
            "resolved": "https://registry.npmjs.org/@ckeditor/ckeditor5-paste-from-office/-/ckeditor5-paste-from-office-26.0.0.tgz",
            "integrity": "sha512-i9AXf8meBvkvj38BGyoy6imdhsDOliK1D5OjTS3THMVeRNDC+Hj9dHkHZyFk5XIC/ZUJJ2TCXw+7TbNU1yPQJA==",
            "requires": {
                "ckeditor5": "^26.0.0"
            }
        },
        "@ckeditor/ckeditor5-select-all": {
            "version": "26.0.0",
            "resolved": "https://registry.npmjs.org/@ckeditor/ckeditor5-select-all/-/ckeditor5-select-all-26.0.0.tgz",
            "integrity": "sha512-EeGVH6rbHSyeqiTJqTdyU46F9celxNHskID1HFYHjVbznj69bFCJ6yIwtDRprp99rKpQKIAEThl1JjS1Y+qiCw==",
            "requires": {
                "@ckeditor/ckeditor5-core": "^26.0.0",
                "@ckeditor/ckeditor5-ui": "^26.0.0",
                "@ckeditor/ckeditor5-utils": "^26.0.0"
            }
        },
        "@ckeditor/ckeditor5-table": {
            "version": "26.0.0",
            "resolved": "https://registry.npmjs.org/@ckeditor/ckeditor5-table/-/ckeditor5-table-26.0.0.tgz",
            "integrity": "sha512-Cr3cEgpbSYAD2vRE2O+OSUYe0JVIjy0MZAE5MJ+xCnbUnjxeUZcdiQNWKCYEcc9wRjcsSBRnuvCjrY2ZbVO1KQ==",
            "requires": {
                "ckeditor5": "^26.0.0",
                "lodash-es": "^4.17.15"
            }
        },
        "@ckeditor/ckeditor5-typing": {
            "version": "26.0.0",
            "resolved": "https://registry.npmjs.org/@ckeditor/ckeditor5-typing/-/ckeditor5-typing-26.0.0.tgz",
            "integrity": "sha512-UknfqItAFMLgT0aE2yNfB2oFCWVz7sbKaYVferWYBnPhOGMoz8nFjfSQsqqHobNXDq+UwERDYUhe3xEBvQm0Nw==",
            "requires": {
                "@ckeditor/ckeditor5-core": "^26.0.0",
                "@ckeditor/ckeditor5-engine": "^26.0.0",
                "@ckeditor/ckeditor5-utils": "^26.0.0",
                "lodash-es": "^4.17.15"
            }
        },
        "@ckeditor/ckeditor5-ui": {
            "version": "26.0.0",
            "resolved": "https://registry.npmjs.org/@ckeditor/ckeditor5-ui/-/ckeditor5-ui-26.0.0.tgz",
            "integrity": "sha512-68uN2cm+KI/Pzs7Pgz0uNRQO8CR8g98AgIOOPPyabdMAozlL2TsAKjBE6LwJYefWZ4a6I8BD05qFprjEQzCBqg==",
            "requires": {
                "@ckeditor/ckeditor5-utils": "^26.0.0",
                "ckeditor5": "^26.0.0",
                "lodash-es": "^4.17.15"
            }
        },
        "@ckeditor/ckeditor5-undo": {
            "version": "26.0.0",
            "resolved": "https://registry.npmjs.org/@ckeditor/ckeditor5-undo/-/ckeditor5-undo-26.0.0.tgz",
            "integrity": "sha512-JHRtO2rkYSF8tSE0Nmkl1h9qH2MskHQ6QiKmysO7JI3Mgyz2cQ5IkRDtlUJsl+JtpzE2j63/mPad8puG1BErWQ==",
            "requires": {
                "@ckeditor/ckeditor5-core": "^26.0.0",
                "@ckeditor/ckeditor5-engine": "^26.0.0",
                "@ckeditor/ckeditor5-ui": "^26.0.0"
            }
        },
        "@ckeditor/ckeditor5-upload": {
            "version": "26.0.0",
            "resolved": "https://registry.npmjs.org/@ckeditor/ckeditor5-upload/-/ckeditor5-upload-26.0.0.tgz",
            "integrity": "sha512-n8x+hThr6Y8XOdGOfALLBicFMfWVVXzCDd5JpWuQGyDV1W3fIZEfHsQoIlAcDOkOn7d6G6Wuns1QZm3cKawJdg==",
            "requires": {
                "@ckeditor/ckeditor5-core": "^26.0.0",
                "@ckeditor/ckeditor5-ui": "^26.0.0",
                "@ckeditor/ckeditor5-utils": "^26.0.0"
            }
        },
        "@ckeditor/ckeditor5-utils": {
            "version": "26.0.0",
            "resolved": "https://registry.npmjs.org/@ckeditor/ckeditor5-utils/-/ckeditor5-utils-26.0.0.tgz",
            "integrity": "sha512-Ht75tCV0ZpL7H2HA7rFYoOOTc+C98p7dMvw83DDSHSDTWJ4D+Z6LqLmuGhSMYlzvrn8mljPCn/1EoZY9KvI9pw==",
            "requires": {
                "lodash-es": "^4.17.15"
            }
        },
        "@ckeditor/ckeditor5-widget": {
            "version": "26.0.0",
            "resolved": "https://registry.npmjs.org/@ckeditor/ckeditor5-widget/-/ckeditor5-widget-26.0.0.tgz",
            "integrity": "sha512-G3S7ckNpyvsGeltBrTxWKkF5UlTaP4p1AeuySd8umchayK48HZSDsQXXEq67hvrZ/J7skFis7faGGwuve/fq0w==",
            "requires": {
                "@ckeditor/ckeditor5-core": "^26.0.0",
                "@ckeditor/ckeditor5-engine": "^26.0.0",
                "@ckeditor/ckeditor5-typing": "^26.0.0",
                "@ckeditor/ckeditor5-ui": "^26.0.0",
                "@ckeditor/ckeditor5-utils": "^26.0.0",
                "lodash-es": "^4.17.15"
            }
        },
        "ckeditor5": {
            "version": "26.0.0",
            "resolved": "https://registry.npmjs.org/ckeditor5/-/ckeditor5-26.0.0.tgz",
            "integrity": "sha512-+IXvCdc+19ykAt7t6idyq+61lkVtfFP/6d0lMid07/BKasnd7P4bk1+F1i2Ld/OlzsvUPXvwPMGovngIY6K0LA==",
            "requires": {
                "@ckeditor/ckeditor5-clipboard": "^26.0.0",
                "@ckeditor/ckeditor5-core": "^26.0.0",
                "@ckeditor/ckeditor5-engine": "^26.0.0",
                "@ckeditor/ckeditor5-enter": "^26.0.0",
                "@ckeditor/ckeditor5-paragraph": "^26.0.0",
                "@ckeditor/ckeditor5-select-all": "^26.0.0",
                "@ckeditor/ckeditor5-typing": "^26.0.0",
                "@ckeditor/ckeditor5-ui": "^26.0.0",
                "@ckeditor/ckeditor5-undo": "^26.0.0",
                "@ckeditor/ckeditor5-upload": "^26.0.0",
                "@ckeditor/ckeditor5-utils": "^26.0.0",
                "@ckeditor/ckeditor5-widget": "^26.0.0"
            }
        },
        "lodash-es": {
            "version": "4.17.21",
            "resolved": "https://registry.npmjs.org/lodash-es/-/lodash-es-4.17.21.tgz",
            "integrity": "sha512-mKnC+QJ9pWVzv+C4/U3rRsHapFfHvQFoFB92e52xeyGMcX6/OlIl78je1u8vePzYZSkkogMPJ2yjxxsb89cxyw=="
        }
    }
}
